
Microsoft Visual Studio Solution File, Format Version 12.00
# Visual Studio 15
VisualStudioVersion = 15.0.28307.106
MinimumVisualStudioVersion = 10.0.40219.1
Project("{9A19103F-16F7-4668-BE54-9A1E7A4F7556}") = "Api", "Api\Api.csproj", "{03AB4C2B-4E67-4D0F-8941-C7B2D5C83928}"
EndProject
Project("{00D1A9C2-B5F0-4AF3-8072-F6C62B433612}") = "Database", "Database\Database.sqlproj", "{AE654848-1C9F-4211-BB72-7668C520E8A7}"
EndProject
Project("{9A19103F-16F7-4668-BE54-9A1E7A4F7556}") = "Core", "Core\Core.csproj", "{88DCA600-402B-4ACF-A684-C09949A0E991}"
EndProject
Project("{9A19103F-16F7-4668-BE54-9A1E7A4F7556}") = "Plumbing", "Plumbing\Plumbing.csproj", "{C5A79775-0139-44AA-B11E-F593B7B816BA}"
EndProject
Project("{9A19103F-16F7-4668-BE54-9A1E7A4F7556}") = "Tests.Common", "Tests.Common\Tests.Common.csproj", "{977429DE-0B91-4D96-BE96-1A3D64C64C1C}"
EndProject
Project("{9A19103F-16F7-4668-BE54-9A1E7A4F7556}") = "Infrastructure.Cache", "Infrastructure.Cache\Infrastructure.Cache.csproj", "{2A0069CC-9DAA-4A95-A5A0-D3BF57E753CE}"
EndProject
Project("{9A19103F-16F7-4668-BE54-9A1E7A4F7556}") = "Infrastructure.Email", "Infrastructure.Email\Infrastructure.Email.csproj", "{F6C4C8A7-8FB0-4370-88CE-632C4794DC17}"
EndProject
Project("{9A19103F-16F7-4668-BE54-9A1E7A4F7556}") = "Infrastructure.Sql", "Infrastructure.Sql\Infrastructure.Sql.csproj", "{6803FC79-B667-48C1-B27F-A76889B2A5C1}"
EndProject
Project("{9A19103F-16F7-4668-BE54-9A1E7A4F7556}") = "Tests.Core", "Tests.Core\Tests.Core.csproj", "{A1613F2F-B812-4CEE-B369-714BF5F4DD10}"
EndProject
Global
	GlobalSection(SolutionConfigurationPlatforms) = preSolution
		Debug|Any CPU = Debug|Any CPU
		Release|Any CPU = Release|Any CPU
	EndGlobalSection
	GlobalSection(ProjectConfigurationPlatforms) = postSolution
		{03AB4C2B-4E67-4D0F-8941-C7B2D5C83928}.Debug|Any CPU.ActiveCfg = Debug|Any CPU
		{03AB4C2B-4E67-4D0F-8941-C7B2D5C83928}.Debug|Any CPU.Build.0 = Debug|Any CPU
		{03AB4C2B-4E67-4D0F-8941-C7B2D5C83928}.Release|Any CPU.ActiveCfg = Release|Any CPU
		{03AB4C2B-4E67-4D0F-8941-C7B2D5C83928}.Release|Any CPU.Build.0 = Release|Any CPU
		{AE654848-1C9F-4211-BB72-7668C520E8A7}.Debug|Any CPU.ActiveCfg = Debug|Any CPU
		{AE654848-1C9F-4211-BB72-7668C520E8A7}.Debug|Any CPU.Build.0 = Debug|Any CPU
		{AE654848-1C9F-4211-BB72-7668C520E8A7}.Debug|Any CPU.Deploy.0 = Debug|Any CPU
		{AE654848-1C9F-4211-BB72-7668C520E8A7}.Release|Any CPU.ActiveCfg = Release|Any CPU
		{AE654848-1C9F-4211-BB72-7668C520E8A7}.Release|Any CPU.Build.0 = Release|Any CPU
		{AE654848-1C9F-4211-BB72-7668C520E8A7}.Release|Any CPU.Deploy.0 = Release|Any CPU
		{88DCA600-402B-4ACF-A684-C09949A0E991}.Debug|Any CPU.ActiveCfg = Debug|Any CPU
		{88DCA600-402B-4ACF-A684-C09949A0E991}.Debug|Any CPU.Build.0 = Debug|Any CPU
		{88DCA600-402B-4ACF-A684-C09949A0E991}.Release|Any CPU.ActiveCfg = Release|Any CPU
		{88DCA600-402B-4ACF-A684-C09949A0E991}.Release|Any CPU.Build.0 = Release|Any CPU
		{C5A79775-0139-44AA-B11E-F593B7B816BA}.Debug|Any CPU.ActiveCfg = Debug|Any CPU
		{C5A79775-0139-44AA-B11E-F593B7B816BA}.Debug|Any CPU.Build.0 = Debug|Any CPU
		{C5A79775-0139-44AA-B11E-F593B7B816BA}.Release|Any CPU.ActiveCfg = Release|Any CPU
		{C5A79775-0139-44AA-B11E-F593B7B816BA}.Release|Any CPU.Build.0 = Release|Any CPU
		{977429DE-0B91-4D96-BE96-1A3D64C64C1C}.Debug|Any CPU.ActiveCfg = Debug|Any CPU
		{977429DE-0B91-4D96-BE96-1A3D64C64C1C}.Debug|Any CPU.Build.0 = Debug|Any CPU
		{977429DE-0B91-4D96-BE96-1A3D64C64C1C}.Release|Any CPU.ActiveCfg = Release|Any CPU
		{977429DE-0B91-4D96-BE96-1A3D64C64C1C}.Release|Any CPU.Build.0 = Release|Any CPU
		{2A0069CC-9DAA-4A95-A5A0-D3BF57E753CE}.Debug|Any CPU.ActiveCfg = Debug|Any CPU
		{2A0069CC-9DAA-4A95-A5A0-D3BF57E753CE}.Debug|Any CPU.Build.0 = Debug|Any CPU
		{2A0069CC-9DAA-4A95-A5A0-D3BF57E753CE}.Release|Any CPU.ActiveCfg = Release|Any CPU
		{2A0069CC-9DAA-4A95-A5A0-D3BF57E753CE}.Release|Any CPU.Build.0 = Release|Any CPU
		{F6C4C8A7-8FB0-4370-88CE-632C4794DC17}.Debug|Any CPU.ActiveCfg = Debug|Any CPU
		{F6C4C8A7-8FB0-4370-88CE-632C4794DC17}.Debug|Any CPU.Build.0 = Debug|Any CPU
		{F6C4C8A7-8FB0-4370-88CE-632C4794DC17}.Release|Any CPU.ActiveCfg = Release|Any CPU
		{F6C4C8A7-8FB0-4370-88CE-632C4794DC17}.Release|Any CPU.Build.0 = Release|Any CPU
		{6803FC79-B667-48C1-B27F-A76889B2A5C1}.Debug|Any CPU.ActiveCfg = Debug|Any CPU
		{6803FC79-B667-48C1-B27F-A76889B2A5C1}.Debug|Any CPU.Build.0 = Debug|Any CPU
		{6803FC79-B667-48C1-B27F-A76889B2A5C1}.Release|Any CPU.ActiveCfg = Release|Any CPU
		{6803FC79-B667-48C1-B27F-A76889B2A5C1}.Release|Any CPU.Build.0 = Release|Any CPU
		{A1613F2F-B812-4CEE-B369-714BF5F4DD10}.Debug|Any CPU.ActiveCfg = Debug|Any CPU
		{A1613F2F-B812-4CEE-B369-714BF5F4DD10}.Debug|Any CPU.Build.0 = Debug|Any CPU
		{A1613F2F-B812-4CEE-B369-714BF5F4DD10}.Release|Any CPU.ActiveCfg = Release|Any CPU
		{A1613F2F-B812-4CEE-B369-714BF5F4DD10}.Release|Any CPU.Build.0 = Release|Any CPU
	EndGlobalSection
	GlobalSection(SolutionProperties) = preSolution
		HideSolutionNode = FALSE
	EndGlobalSection
	GlobalSection(ExtensibilityGlobals) = postSolution
		SolutionGuid = {B2D8D5CB-8D77-4993-9494-D46D0E9B3227}
	EndGlobalSection
EndGlobal
