
Microsoft Visual Studio Solution File, Format Version 12.00
# Visual Studio Version 17
VisualStudioVersion = 17.0.32014.148
MinimumVisualStudioVersion = 10.0.40219.1
Project("{9A19103F-16F7-4668-BE54-9A1E7A4F7556}") = "Api", "Api\Api.csproj", "{03AB4C2B-4E67-4D0F-8941-C7B2D5C83928}"
EndProject
Project("{9A19103F-16F7-4668-BE54-9A1E7A4F7556}") = "Core", "Core\Core.csproj", "{88DCA600-402B-4ACF-A684-C09949A0E991}"
EndProject
Project("{9A19103F-16F7-4668-BE54-9A1E7A4F7556}") = "Tests.Common", "Tests.Common\Tests.Common.csproj", "{977429DE-0B91-4D96-BE96-1A3D64C64C1C}"
EndProject
Project("{9A19103F-16F7-4668-BE54-9A1E7A4F7556}") = "Infrastructure.Cache", "Infrastructure.Cache\Infrastructure.Cache.csproj", "{2A0069CC-9DAA-4A95-A5A0-D3BF57E753CE}"
EndProject
Project("{9A19103F-16F7-4668-BE54-9A1E7A4F7556}") = "Infrastructure.Email", "Infrastructure.Email\Infrastructure.Email.csproj", "{F6C4C8A7-8FB0-4370-88CE-632C4794DC17}"
EndProject
Project("{9A19103F-16F7-4668-BE54-9A1E7A4F7556}") = "Infrastructure.Sql", "Infrastructure.Sql\Infrastructure.Sql.csproj", "{6803FC79-B667-48C1-B27F-A76889B2A5C1}"
EndProject
Project("{9A19103F-16F7-4668-BE54-9A1E7A4F7556}") = "Tests.Core", "Tests.Core\Tests.Core.csproj", "{A1613F2F-B812-4CEE-B369-714BF5F4DD10}"
EndProject
Project("{2150E333-8FDC-42A3-9474-1A3956D46DE8}") = "Solution Items", "Solution Items", "{1FAF0722-81ED-417D-AF94-3E3E10B0A72F}"
	ProjectSection(SolutionItems) = preProject
		.env.dev = .env.dev
		.gitignore = .gitignore
		Directory.Build.props = Directory.Build.props
		Dockerfile = Dockerfile
		.github\workflows\heroku.yaml = .github\workflows\heroku.yaml
		postgres.sql = postgres.sql
	EndProjectSection
EndProject
Project("{FAE04EC0-301F-11D3-BF4B-00C04F79EFBC}") = "Tests.Integration", "Tests.Integration\Tests.Integration.csproj", "{03CBBEA4-045E-4F85-BC57-EF8629DBADFF}"
EndProject
Global
	GlobalSection(SolutionConfigurationPlatforms) = preSolution
		Debug|Any CPU = Debug|Any CPU
		Release|Any CPU = Release|Any CPU
	EndGlobalSection
	GlobalSection(ProjectConfigurationPlatforms) = postSolution
		{03AB4C2B-4E67-4D0F-8941-C7B2D5C83928}.Debug|Any CPU.ActiveCfg = Debug|Any CPU
		{03AB4C2B-4E67-4D0F-8941-C7B2D5C83928}.Debug|Any CPU.Build.0 = Debug|Any CPU
		{03AB4C2B-4E67-4D0F-8941-C7B2D5C83928}.Release|Any CPU.ActiveCfg = Release|Any CPU
		{03AB4C2B-4E67-4D0F-8941-C7B2D5C83928}.Release|Any CPU.Build.0 = Release|Any CPU
		{88DCA600-402B-4ACF-A684-C09949A0E991}.Debug|Any CPU.ActiveCfg = Debug|Any CPU
		{88DCA600-402B-4ACF-A684-C09949A0E991}.Debug|Any CPU.Build.0 = Debug|Any CPU
		{88DCA600-402B-4ACF-A684-C09949A0E991}.Release|Any CPU.ActiveCfg = Release|Any CPU
		{88DCA600-402B-4ACF-A684-C09949A0E991}.Release|Any CPU.Build.0 = Release|Any CPU
		{977429DE-0B91-4D96-BE96-1A3D64C64C1C}.Debug|Any CPU.ActiveCfg = Debug|Any CPU
		{977429DE-0B91-4D96-BE96-1A3D64C64C1C}.Debug|Any CPU.Build.0 = Debug|Any CPU
		{977429DE-0B91-4D96-BE96-1A3D64C64C1C}.Release|Any CPU.ActiveCfg = Release|Any CPU
		{977429DE-0B91-4D96-BE96-1A3D64C64C1C}.Release|Any CPU.Build.0 = Release|Any CPU
		{2A0069CC-9DAA-4A95-A5A0-D3BF57E753CE}.Debug|Any CPU.ActiveCfg = Debug|Any CPU
		{2A0069CC-9DAA-4A95-A5A0-D3BF57E753CE}.Debug|Any CPU.Build.0 = Debug|Any CPU
		{2A0069CC-9DAA-4A95-A5A0-D3BF57E753CE}.Release|Any CPU.ActiveCfg = Release|Any CPU
		{2A0069CC-9DAA-4A95-A5A0-D3BF57E753CE}.Release|Any CPU.Build.0 = Release|Any CPU
		{F6C4C8A7-8FB0-4370-88CE-632C4794DC17}.Debug|Any CPU.ActiveCfg = Debug|Any CPU
		{F6C4C8A7-8FB0-4370-88CE-632C4794DC17}.Debug|Any CPU.Build.0 = Debug|Any CPU
		{F6C4C8A7-8FB0-4370-88CE-632C4794DC17}.Release|Any CPU.ActiveCfg = Release|Any CPU
		{F6C4C8A7-8FB0-4370-88CE-632C4794DC17}.Release|Any CPU.Build.0 = Release|Any CPU
		{6803FC79-B667-48C1-B27F-A76889B2A5C1}.Debug|Any CPU.ActiveCfg = Debug|Any CPU
		{6803FC79-B667-48C1-B27F-A76889B2A5C1}.Debug|Any CPU.Build.0 = Debug|Any CPU
		{6803FC79-B667-48C1-B27F-A76889B2A5C1}.Release|Any CPU.ActiveCfg = Release|Any CPU
		{6803FC79-B667-48C1-B27F-A76889B2A5C1}.Release|Any CPU.Build.0 = Release|Any CPU
		{A1613F2F-B812-4CEE-B369-714BF5F4DD10}.Debug|Any CPU.ActiveCfg = Debug|Any CPU
		{A1613F2F-B812-4CEE-B369-714BF5F4DD10}.Debug|Any CPU.Build.0 = Debug|Any CPU
		{A1613F2F-B812-4CEE-B369-714BF5F4DD10}.Release|Any CPU.ActiveCfg = Release|Any CPU
		{A1613F2F-B812-4CEE-B369-714BF5F4DD10}.Release|Any CPU.Build.0 = Release|Any CPU
		{03CBBEA4-045E-4F85-BC57-EF8629DBADFF}.Debug|Any CPU.ActiveCfg = Debug|Any CPU
		{03CBBEA4-045E-4F85-BC57-EF8629DBADFF}.Debug|Any CPU.Build.0 = Debug|Any CPU
		{03CBBEA4-045E-4F85-BC57-EF8629DBADFF}.Release|Any CPU.ActiveCfg = Release|Any CPU
		{03CBBEA4-045E-4F85-BC57-EF8629DBADFF}.Release|Any CPU.Build.0 = Release|Any CPU
	EndGlobalSection
	GlobalSection(SolutionProperties) = preSolution
		HideSolutionNode = FALSE
	EndGlobalSection
	GlobalSection(ExtensibilityGlobals) = postSolution
		SolutionGuid = {B2D8D5CB-8D77-4993-9494-D46D0E9B3227}
	EndGlobalSection
EndGlobal
