
Microsoft Visual Studio Solution File, Format Version 12.00
# Visual Studio 14
VisualStudioVersion = 14.0.24720.0
MinimumVisualStudioVersion = 10.0.40219.1
Project("{FAE04EC0-301F-11D3-BF4B-00C04F79EFBC}") = "Core", "Core\Core.csproj", "{4D5D8057-AFD8-40AF-A756-558E1038F193}"
EndProject
Project("{2150E333-8FDC-42A3-9474-1A3956D46DE8}") = "Tests", "Tests", "{E4AA2C88-FB07-4EA2-B5CF-7D37839C29F5}"
EndProject
Project("{FAE04EC0-301F-11D3-BF4B-00C04F79EFBC}") = "Tests.Common", "Tests.Common\Tests.Common.csproj", "{D30140A0-6006-4D0E-AD74-067EE44F4FC9}"
EndProject
Project("{2150E333-8FDC-42A3-9474-1A3956D46DE8}") = "Solution Items", "Solution Items", "{9B2F2BE3-AE0A-4313-BA84-03AC91F1723F}"
	ProjectSection(SolutionItems) = preProject
		.gitignore = .gitignore
		GlobalAssemblyInfo.cs = GlobalAssemblyInfo.cs
		WebEssentials-Settings.json = WebEssentials-Settings.json
	EndProjectSection
EndProject
Project("{FAE04EC0-301F-11D3-BF4B-00C04F79EFBC}") = "Tests.Core", "Tests.Core\Tests.Core.csproj", "{C688D9F1-7DCE-4C2C-BAE7-B08147E09876}"
EndProject
Project("{FAE04EC0-301F-11D3-BF4B-00C04F79EFBC}") = "Plumbing", "Plumbing\Plumbing.csproj", "{EA0817FD-9B9E-4C97-96B4-E62239619923}"
EndProject
Project("{FAE04EC0-301F-11D3-BF4B-00C04F79EFBC}") = "Infrastructure", "Infrastructure\Infrastructure.csproj", "{6F33F0BD-4CBB-4B6E-BDF0-EEA841267C87}"
EndProject
Project("{00D1A9C2-B5F0-4AF3-8072-F6C62B433612}") = "Database", "Database\Database.sqlproj", "{AE654848-1C9F-4211-BB72-7668C520E8A7}"
EndProject
Project("{FAE04EC0-301F-11D3-BF4B-00C04F79EFBC}") = "Api", "Api\Api.csproj", "{582E1EAF-3B5C-4E21-BBEF-FAA4F4E3D955}"
EndProject
Project("{FAE04EC0-301F-11D3-BF4B-00C04F79EFBC}") = "Web.Common", "Web.Common\Web.Common.csproj", "{74208DB7-CDE2-45E7-ABEF-6FAE27F7A072}"
EndProject
Global
	GlobalSection(SolutionConfigurationPlatforms) = preSolution
		Debug|Any CPU = Debug|Any CPU
		Release|Any CPU = Release|Any CPU
	EndGlobalSection
	GlobalSection(ProjectConfigurationPlatforms) = postSolution
		{4D5D8057-AFD8-40AF-A756-558E1038F193}.Debug|Any CPU.ActiveCfg = Debug|Any CPU
		{4D5D8057-AFD8-40AF-A756-558E1038F193}.Debug|Any CPU.Build.0 = Debug|Any CPU
		{4D5D8057-AFD8-40AF-A756-558E1038F193}.Release|Any CPU.ActiveCfg = Release|Any CPU
		{4D5D8057-AFD8-40AF-A756-558E1038F193}.Release|Any CPU.Build.0 = Release|Any CPU
		{D30140A0-6006-4D0E-AD74-067EE44F4FC9}.Debug|Any CPU.ActiveCfg = Debug|Any CPU
		{D30140A0-6006-4D0E-AD74-067EE44F4FC9}.Debug|Any CPU.Build.0 = Debug|Any CPU
		{D30140A0-6006-4D0E-AD74-067EE44F4FC9}.Release|Any CPU.ActiveCfg = Release|Any CPU
		{D30140A0-6006-4D0E-AD74-067EE44F4FC9}.Release|Any CPU.Build.0 = Release|Any CPU
		{C688D9F1-7DCE-4C2C-BAE7-B08147E09876}.Debug|Any CPU.ActiveCfg = Debug|Any CPU
		{C688D9F1-7DCE-4C2C-BAE7-B08147E09876}.Debug|Any CPU.Build.0 = Debug|Any CPU
		{C688D9F1-7DCE-4C2C-BAE7-B08147E09876}.Release|Any CPU.ActiveCfg = Release|Any CPU
		{C688D9F1-7DCE-4C2C-BAE7-B08147E09876}.Release|Any CPU.Build.0 = Release|Any CPU
		{EA0817FD-9B9E-4C97-96B4-E62239619923}.Debug|Any CPU.ActiveCfg = Debug|Any CPU
		{EA0817FD-9B9E-4C97-96B4-E62239619923}.Debug|Any CPU.Build.0 = Debug|Any CPU
		{EA0817FD-9B9E-4C97-96B4-E62239619923}.Release|Any CPU.ActiveCfg = Release|Any CPU
		{EA0817FD-9B9E-4C97-96B4-E62239619923}.Release|Any CPU.Build.0 = Release|Any CPU
		{6F33F0BD-4CBB-4B6E-BDF0-EEA841267C87}.Debug|Any CPU.ActiveCfg = Debug|Any CPU
		{6F33F0BD-4CBB-4B6E-BDF0-EEA841267C87}.Debug|Any CPU.Build.0 = Debug|Any CPU
		{6F33F0BD-4CBB-4B6E-BDF0-EEA841267C87}.Release|Any CPU.ActiveCfg = Release|Any CPU
		{6F33F0BD-4CBB-4B6E-BDF0-EEA841267C87}.Release|Any CPU.Build.0 = Release|Any CPU
		{AE654848-1C9F-4211-BB72-7668C520E8A7}.Debug|Any CPU.ActiveCfg = Debug|Any CPU
		{AE654848-1C9F-4211-BB72-7668C520E8A7}.Debug|Any CPU.Build.0 = Debug|Any CPU
		{AE654848-1C9F-4211-BB72-7668C520E8A7}.Debug|Any CPU.Deploy.0 = Debug|Any CPU
		{AE654848-1C9F-4211-BB72-7668C520E8A7}.Release|Any CPU.ActiveCfg = Release|Any CPU
		{582E1EAF-3B5C-4E21-BBEF-FAA4F4E3D955}.Debug|Any CPU.ActiveCfg = Debug|Any CPU
		{582E1EAF-3B5C-4E21-BBEF-FAA4F4E3D955}.Debug|Any CPU.Build.0 = Debug|Any CPU
		{582E1EAF-3B5C-4E21-BBEF-FAA4F4E3D955}.Release|Any CPU.ActiveCfg = Release|Any CPU
		{582E1EAF-3B5C-4E21-BBEF-FAA4F4E3D955}.Release|Any CPU.Build.0 = Release|Any CPU
		{74208DB7-CDE2-45E7-ABEF-6FAE27F7A072}.Debug|Any CPU.ActiveCfg = Debug|Any CPU
		{74208DB7-CDE2-45E7-ABEF-6FAE27F7A072}.Debug|Any CPU.Build.0 = Debug|Any CPU
		{74208DB7-CDE2-45E7-ABEF-6FAE27F7A072}.Release|Any CPU.ActiveCfg = Release|Any CPU
		{74208DB7-CDE2-45E7-ABEF-6FAE27F7A072}.Release|Any CPU.Build.0 = Release|Any CPU
	EndGlobalSection
	GlobalSection(SolutionProperties) = preSolution
		HideSolutionNode = FALSE
	EndGlobalSection
	GlobalSection(NestedProjects) = preSolution
		{D30140A0-6006-4D0E-AD74-067EE44F4FC9} = {E4AA2C88-FB07-4EA2-B5CF-7D37839C29F5}
		{C688D9F1-7DCE-4C2C-BAE7-B08147E09876} = {E4AA2C88-FB07-4EA2-B5CF-7D37839C29F5}
	EndGlobalSection
EndGlobal
